
Microsoft Visual Studio Solution File, Format Version 12.00
# Visual Studio Version 17
VisualStudioVersion = 17.0.32014.148
MinimumVisualStudioVersion = 15.0.26124.0
Project("{9A19103F-16F7-4668-BE54-9A1E7A4F7556}") = "MvcClient", "MvcClient\MvcClient.csproj", "{E47253FB-AB0C-4B14-B95D-ED9134238E3F}"
EndProject
Project("{2150E333-8FDC-42A3-9474-1A3956D46DE8}") = "Solution Items", "Solution Items", "{32BCDA90-827A-4689-8861-9119BB79CDCA}"
	ProjectSection(SolutionItems) = preProject
		config.txt = config.txt
	EndProjectSection
EndProject
Project("{9A19103F-16F7-4668-BE54-9A1E7A4F7556}") = "ConsoleClient", "ConsoleClient\ConsoleClient.csproj", "{2638A279-5D30-4602-A67A-5DB7ECF76CF6}"
EndProject
Project("{9A19103F-16F7-4668-BE54-9A1E7A4F7556}") = "WorkerService", "WorkerService\WorkerService.csproj", "{82035D01-C72A-4422-859B-9C2442BE3F1B}"
EndProject
Project("{9A19103F-16F7-4668-BE54-9A1E7A4F7556}") = "Api", "Api\Api.csproj", "{90F96C5D-5BA1-4211-8D8E-F119EF69AC94}"
EndProject
Project("{E24C65DC-7377-472B-9ABA-BC803B73C61A}") = "JavascriptClient", "JavascriptClient\", "{B6EE4D52-A00D-47AE-85EE-01E54263E782}"
	ProjectSection(WebsiteProperties) = preProject
		TargetFrameworkMoniker = ".NETFramework,Version%3Dv4.0"
		Debug.AspNetCompiler.VirtualPath = "/localhost_50486"
		Debug.AspNetCompiler.PhysicalPath = "JavascriptClient\"
		Debug.AspNetCompiler.TargetPath = "PrecompiledWeb\localhost_50486\"
		Debug.AspNetCompiler.Updateable = "true"
		Debug.AspNetCompiler.ForceOverwrite = "true"
		Debug.AspNetCompiler.FixedNames = "false"
		Debug.AspNetCompiler.Debug = "True"
		Release.AspNetCompiler.VirtualPath = "/localhost_50486"
		Release.AspNetCompiler.PhysicalPath = "JavascriptClient\"
		Release.AspNetCompiler.TargetPath = "PrecompiledWeb\localhost_50486\"
		Release.AspNetCompiler.Updateable = "true"
		Release.AspNetCompiler.ForceOverwrite = "true"
		Release.AspNetCompiler.FixedNames = "false"
		Release.AspNetCompiler.Debug = "False"
		VWDPort = "50486"
		SlnRelativePath = "JavascriptClient\"
	EndProjectSection
EndProject
Global
	GlobalSection(SolutionConfigurationPlatforms) = preSolution
		Debug|Any CPU = Debug|Any CPU
		Debug|x64 = Debug|x64
		Debug|x86 = Debug|x86
		Release|Any CPU = Release|Any CPU
		Release|x64 = Release|x64
		Release|x86 = Release|x86
	EndGlobalSection
	GlobalSection(ProjectConfigurationPlatforms) = postSolution
		{E47253FB-AB0C-4B14-B95D-ED9134238E3F}.Debug|Any CPU.ActiveCfg = Debug|Any CPU
		{E47253FB-AB0C-4B14-B95D-ED9134238E3F}.Debug|Any CPU.Build.0 = Debug|Any CPU
		{E47253FB-AB0C-4B14-B95D-ED9134238E3F}.Debug|x64.ActiveCfg = Debug|Any CPU
		{E47253FB-AB0C-4B14-B95D-ED9134238E3F}.Debug|x64.Build.0 = Debug|Any CPU
		{E47253FB-AB0C-4B14-B95D-ED9134238E3F}.Debug|x86.ActiveCfg = Debug|Any CPU
		{E47253FB-AB0C-4B14-B95D-ED9134238E3F}.Debug|x86.Build.0 = Debug|Any CPU
		{E47253FB-AB0C-4B14-B95D-ED9134238E3F}.Release|Any CPU.ActiveCfg = Release|Any CPU
		{E47253FB-AB0C-4B14-B95D-ED9134238E3F}.Release|Any CPU.Build.0 = Release|Any CPU
		{E47253FB-AB0C-4B14-B95D-ED9134238E3F}.Release|x64.ActiveCfg = Release|Any CPU
		{E47253FB-AB0C-4B14-B95D-ED9134238E3F}.Release|x64.Build.0 = Release|Any CPU
		{E47253FB-AB0C-4B14-B95D-ED9134238E3F}.Release|x86.ActiveCfg = Release|Any CPU
		{E47253FB-AB0C-4B14-B95D-ED9134238E3F}.Release|x86.Build.0 = Release|Any CPU
		{2638A279-5D30-4602-A67A-5DB7ECF76CF6}.Debug|Any CPU.ActiveCfg = Debug|Any CPU
		{2638A279-5D30-4602-A67A-5DB7ECF76CF6}.Debug|Any CPU.Build.0 = Debug|Any CPU
		{2638A279-5D30-4602-A67A-5DB7ECF76CF6}.Debug|x64.ActiveCfg = Debug|Any CPU
		{2638A279-5D30-4602-A67A-5DB7ECF76CF6}.Debug|x64.Build.0 = Debug|Any CPU
		{2638A279-5D30-4602-A67A-5DB7ECF76CF6}.Debug|x86.ActiveCfg = Debug|Any CPU
		{2638A279-5D30-4602-A67A-5DB7ECF76CF6}.Debug|x86.Build.0 = Debug|Any CPU
		{2638A279-5D30-4602-A67A-5DB7ECF76CF6}.Release|Any CPU.ActiveCfg = Release|Any CPU
		{2638A279-5D30-4602-A67A-5DB7ECF76CF6}.Release|Any CPU.Build.0 = Release|Any CPU
		{2638A279-5D30-4602-A67A-5DB7ECF76CF6}.Release|x64.ActiveCfg = Release|Any CPU
		{2638A279-5D30-4602-A67A-5DB7ECF76CF6}.Release|x64.Build.0 = Release|Any CPU
		{2638A279-5D30-4602-A67A-5DB7ECF76CF6}.Release|x86.ActiveCfg = Release|Any CPU
		{2638A279-5D30-4602-A67A-5DB7ECF76CF6}.Release|x86.Build.0 = Release|Any CPU
		{82035D01-C72A-4422-859B-9C2442BE3F1B}.Debug|Any CPU.ActiveCfg = Debug|Any CPU
		{82035D01-C72A-4422-859B-9C2442BE3F1B}.Debug|Any CPU.Build.0 = Debug|Any CPU
		{82035D01-C72A-4422-859B-9C2442BE3F1B}.Debug|x64.ActiveCfg = Debug|Any CPU
		{82035D01-C72A-4422-859B-9C2442BE3F1B}.Debug|x64.Build.0 = Debug|Any CPU
		{82035D01-C72A-4422-859B-9C2442BE3F1B}.Debug|x86.ActiveCfg = Debug|Any CPU
		{82035D01-C72A-4422-859B-9C2442BE3F1B}.Debug|x86.Build.0 = Debug|Any CPU
		{82035D01-C72A-4422-859B-9C2442BE3F1B}.Release|Any CPU.ActiveCfg = Release|Any CPU
		{82035D01-C72A-4422-859B-9C2442BE3F1B}.Release|Any CPU.Build.0 = Release|Any CPU
		{82035D01-C72A-4422-859B-9C2442BE3F1B}.Release|x64.ActiveCfg = Release|Any CPU
		{82035D01-C72A-4422-859B-9C2442BE3F1B}.Release|x64.Build.0 = Release|Any CPU
		{82035D01-C72A-4422-859B-9C2442BE3F1B}.Release|x86.ActiveCfg = Release|Any CPU
		{82035D01-C72A-4422-859B-9C2442BE3F1B}.Release|x86.Build.0 = Release|Any CPU
		{90F96C5D-5BA1-4211-8D8E-F119EF69AC94}.Debug|Any CPU.ActiveCfg = Debug|Any CPU
		{90F96C5D-5BA1-4211-8D8E-F119EF69AC94}.Debug|Any CPU.Build.0 = Debug|Any CPU
		{90F96C5D-5BA1-4211-8D8E-F119EF69AC94}.Debug|x64.ActiveCfg = Debug|Any CPU
		{90F96C5D-5BA1-4211-8D8E-F119EF69AC94}.Debug|x64.Build.0 = Debug|Any CPU
		{90F96C5D-5BA1-4211-8D8E-F119EF69AC94}.Debug|x86.ActiveCfg = Debug|Any CPU
		{90F96C5D-5BA1-4211-8D8E-F119EF69AC94}.Debug|x86.Build.0 = Debug|Any CPU
		{90F96C5D-5BA1-4211-8D8E-F119EF69AC94}.Release|Any CPU.ActiveCfg = Release|Any CPU
		{90F96C5D-5BA1-4211-8D8E-F119EF69AC94}.Release|Any CPU.Build.0 = Release|Any CPU
		{90F96C5D-5BA1-4211-8D8E-F119EF69AC94}.Release|x64.ActiveCfg = Release|Any CPU
		{90F96C5D-5BA1-4211-8D8E-F119EF69AC94}.Release|x64.Build.0 = Release|Any CPU
		{90F96C5D-5BA1-4211-8D8E-F119EF69AC94}.Release|x86.ActiveCfg = Release|Any CPU
		{90F96C5D-5BA1-4211-8D8E-F119EF69AC94}.Release|x86.Build.0 = Release|Any CPU
		{B6EE4D52-A00D-47AE-85EE-01E54263E782}.Debug|Any CPU.ActiveCfg = Debug|Any CPU
		{B6EE4D52-A00D-47AE-85EE-01E54263E782}.Debug|Any CPU.Build.0 = Debug|Any CPU
		{B6EE4D52-A00D-47AE-85EE-01E54263E782}.Debug|x64.ActiveCfg = Debug|Any CPU
		{B6EE4D52-A00D-47AE-85EE-01E54263E782}.Debug|x64.Build.0 = Debug|Any CPU
		{B6EE4D52-A00D-47AE-85EE-01E54263E782}.Debug|x86.ActiveCfg = Debug|Any CPU
		{B6EE4D52-A00D-47AE-85EE-01E54263E782}.Debug|x86.Build.0 = Debug|Any CPU
		{B6EE4D52-A00D-47AE-85EE-01E54263E782}.Release|Any CPU.ActiveCfg = Debug|Any CPU
		{B6EE4D52-A00D-47AE-85EE-01E54263E782}.Release|Any CPU.Build.0 = Debug|Any CPU
		{B6EE4D52-A00D-47AE-85EE-01E54263E782}.Release|x64.ActiveCfg = Debug|Any CPU
		{B6EE4D52-A00D-47AE-85EE-01E54263E782}.Release|x64.Build.0 = Debug|Any CPU
		{B6EE4D52-A00D-47AE-85EE-01E54263E782}.Release|x86.ActiveCfg = Debug|Any CPU
		{B6EE4D52-A00D-47AE-85EE-01E54263E782}.Release|x86.Build.0 = Debug|Any CPU
	EndGlobalSection
	GlobalSection(SolutionProperties) = preSolution
		HideSolutionNode = FALSE
	EndGlobalSection
	GlobalSection(ExtensibilityGlobals) = postSolution
		SolutionGuid = {496D2E7F-C385-49A1-B0BD-2C96622EDBF1}
	EndGlobalSection
EndGlobal
